{
  "name": "pfdtoxls",
  "version": "1.0.0",
  "lockfileVersion": 2,
  "requires": true,
  "packages": {
    "": {
      "name": "pfdtoxls",
      "version": "1.0.0",
      "license": "ISC",
      "dependencies": {
        "pdf2table": "^0.0.2",
        "pdfjs-dist": "^2.4.456",
        "pdfreader": "^1.2.10"
      }
    },
    "node_modules/pdf2json": {
      "version": "0.7.1",
      "resolved": "https://registry.npmjs.org/pdf2json/-/pdf2json-0.7.1.tgz",
      "integrity": "sha1-iIjXPCaTjk2Ih7Yz1uS0Qi3NMMs=",
      "bundleDependencies": [
        "xmldom",
        "underscore",
        "optimist",
        "async"
      ],
      "dependencies": {
        "async": ">=0.2.6",
        "optimist": ">=0.3.5",
        "underscore": ">=1.4.2",
        "xmldom": ">=0.1.13"
      },
      "bin": {
        "pdf2json": "bin/pdf2json"
      },
      "engines": {
        "node": ">=0.8"
      }
    },
    "node_modules/pdf2json/node_modules/async": {
      "version": "0.2.6",
      "inBundle": true
    },
    "node_modules/pdf2json/node_modules/optimist": {
      "version": "0.3.5",
      "inBundle": true,
      "license": "MIT/X11",
      "dependencies": {
        "wordwrap": "~0.0.2"
      }
    },
    "node_modules/pdf2json/node_modules/optimist/node_modules/wordwrap": {
      "version": "0.0.2",
      "inBundle": true,
      "license": "MIT/X11",
      "engines": {
        "node": ">=0.4.0"
      }
    },
    "node_modules/pdf2json/node_modules/underscore": {
      "version": "1.4.4",
      "inBundle": true
    },
    "node_modules/pdf2json/node_modules/xmldom": {
      "version": "0.1.13",
      "inBundle": true,
      "engines": {
        "node": ">=0.1"
      }
    },
    "node_modules/pdf2table": {
      "version": "0.0.2",
      "resolved": "https://registry.npmjs.org/pdf2table/-/pdf2table-0.0.2.tgz",
      "integrity": "sha1-wXgFVIAd88Ytb5tQ1mGUTS+oUE0=",
      "dependencies": {
        "pdf2json": "^0.7.1"
      }
    },
    "node_modules/pdfjs-dist": {
      "version": "2.4.456",
      "resolved": "https://registry.npmjs.org/pdfjs-dist/-/pdfjs-dist-2.4.456.tgz",
      "integrity": "sha512-yckJEHq3F48hcp6wStEpbN9McOj328Ib09UrBlGAKxvN2k+qYPN5iq6TH6jD1C0pso7zTep+g/CKsYgdrQd5QA=="
    },
    "node_modules/pdfreader": {
      "version": "1.2.10",
      "resolved": "https://registry.npmjs.org/pdfreader/-/pdfreader-1.2.10.tgz",
      "integrity": "sha512-oTrXTbqI9PG6uJssAPsfw4mo+9Tqi7kM/ZIpfRbikBIO2KZEL9gI8w8YbP65DcAVdn8RLq9jpYZKd1ggA9FI4A==",
      "dependencies": {
        "pdf2json": "1.2.1"
      }
    },
    "node_modules/pdfreader/node_modules/pdf2json": {
      "version": "1.2.1",
      "resolved": "https://registry.npmjs.org/pdf2json/-/pdf2json-1.2.1.tgz",
      "integrity": "sha512-Ihda4iOiiINYRwvdpHFHBFrRc/vT+w10Kc3o2meOB0HSPDEVMrb+X+V5oUOawipqNT/aI3dazSicwNyJzDLPaQ==",
      "bundleDependencies": [
        "xmldom",
        "lodash",
        "optimist",
        "async"
      ],
      "dependencies": {
        "async": "^3.2.0",
        "lodash": "^4.17.20",
        "optimist": "^0.6.1",
        "xmldom": "^0.5.0"
      },
      "bin": {
        "pdf2json": "bin/pdf2json"
      },
      "engines": {
        "node": ">=10.15.1"
      }
    },
    "node_modules/pdfreader/node_modules/pdf2json/node_modules/async": {
      "version": "3.2.0",
      "inBundle": true,
      "license": "MIT"
    },
    "node_modules/pdfreader/node_modules/pdf2json/node_modules/lodash": {
      "version": "4.17.15",
      "inBundle": true,
      "license": "MIT"
    },
    "node_modules/pdfreader/node_modules/pdf2json/node_modules/minimist": {
      "version": "0.0.10",
      "inBundle": true,
      "license": "MIT"
    },
    "node_modules/pdfreader/node_modules/pdf2json/node_modules/optimist": {
      "version": "0.6.1",
      "inBundle": true,
      "license": "MIT/X11",
      "dependencies": {
        "minimist": "~0.0.1",
        "wordwrap": "~0.0.2"
      }
    },
    "node_modules/pdfreader/node_modules/pdf2json/node_modules/wordwrap": {
      "version": "0.0.3",
      "inBundle": true,
      "license": "MIT",
      "engines": {
        "node": ">=0.4.0"
      }
    },
    "node_modules/pdfreader/node_modules/pdf2json/node_modules/xmldom": {
      "version": "0.3.0",
      "inBundle": true,
      "license": "(LGPL-2.0 OR MIT)",
      "engines": {
        "node": ">=10.0.0"
      }
    }
  },
  "dependencies": {
    "pdf2json": {
      "version": "0.7.1",
      "resolved": "https://registry.npmjs.org/pdf2json/-/pdf2json-0.7.1.tgz",
      "integrity": "sha1-iIjXPCaTjk2Ih7Yz1uS0Qi3NMMs=",
      "requires": {
        "async": ">=0.2.6",
        "optimist": ">=0.3.5",
        "underscore": ">=1.4.2",
        "xmldom": ">=0.1.13"
      },
      "dependencies": {
        "async": {
          "version": "0.2.6",
          "bundled": true
        },
        "optimist": {
          "version": "0.3.5",
          "bundled": true,
          "requires": {
            "wordwrap": "~0.0.2"
          },
          "dependencies": {
            "wordwrap": {
              "version": "0.0.2",
              "bundled": true
            }
          }
        },
        "underscore": {
          "version": "1.4.4",
          "bundled": true
        },
        "xmldom": {
          "version": "0.1.13",
          "bundled": true
        }
      }
    },
    "pdf2table": {
      "version": "0.0.2",
      "resolved": "https://registry.npmjs.org/pdf2table/-/pdf2table-0.0.2.tgz",
      "integrity": "sha1-wXgFVIAd88Ytb5tQ1mGUTS+oUE0=",
      "requires": {
        "pdf2json": "^0.7.1"
      }
    },
    "pdfjs-dist": {
      "version": "2.4.456",
      "resolved": "https://registry.npmjs.org/pdfjs-dist/-/pdfjs-dist-2.4.456.tgz",
      "integrity": "sha512-yckJEHq3F48hcp6wStEpbN9McOj328Ib09UrBlGAKxvN2k+qYPN5iq6TH6jD1C0pso7zTep+g/CKsYgdrQd5QA=="
    },
    "pdfreader": {
      "version": "1.2.10",
      "resolved": "https://registry.npmjs.org/pdfreader/-/pdfreader-1.2.10.tgz",
      "integrity": "sha512-oTrXTbqI9PG6uJssAPsfw4mo+9Tqi7kM/ZIpfRbikBIO2KZEL9gI8w8YbP65DcAVdn8RLq9jpYZKd1ggA9FI4A==",
      "requires": {
        "pdf2json": "1.2.1"
      },
      "dependencies": {
        "pdf2json": {
          "version": "1.2.1",
          "resolved": "https://registry.npmjs.org/pdf2json/-/pdf2json-1.2.1.tgz",
          "integrity": "sha512-Ihda4iOiiINYRwvdpHFHBFrRc/vT+w10Kc3o2meOB0HSPDEVMrb+X+V5oUOawipqNT/aI3dazSicwNyJzDLPaQ==",
          "requires": {
            "async": "^3.2.0",
            "lodash": "^4.17.20",
            "optimist": "^0.6.1",
            "xmldom": "^0.5.0"
          },
          "dependencies": {
            "async": {
              "version": "3.2.0",
              "bundled": true
            },
            "lodash": {
              "version": "4.17.15",
              "bundled": true
            },
            "minimist": {
              "version": "0.0.10",
              "bundled": true
            },
            "optimist": {
              "version": "0.6.1",
              "bundled": true,
              "requires": {
                "minimist": "~0.0.1",
                "wordwrap": "~0.0.2"
              }
            },
            "wordwrap": {
              "version": "0.0.3",
              "bundled": true
            },
            "xmldom": {
              "version": "0.3.0",
              "bundled": true
            }
          }
        }
      }
    }
  }
}
